
Microsoft Visual Studio Solution File, Format Version 12.00
# Visual Studio 15
Project("{FAE04EC0-301F-11D3-BF4B-00C04F79EFBC}") = "HelloWorld", "HelloWorld.csproj", "{EB65172C-95BA-4D83-AC66-2A11761CE716}"
EndProject
Global
	GlobalSection(SolutionConfigurationPlatforms) = preSolution
		Debug|Any CPU = Debug|Any CPU
		Release|Any CPU = Release|Any CPU
	EndGlobalSection
	GlobalSection(ProjectConfigurationPlatforms) = postSolution
		{EB65172C-95BA-4D83-AC66-2A11761CE716}.Debug|Any CPU.ActiveCfg = Debug|Any CPU
		{EB65172C-95BA-4D83-AC66-2A11761CE716}.Debug|Any CPU.Build.0 = Debug|Any CPU
		{EB65172C-95BA-4D83-AC66-2A11761CE716}.Release|Any CPU.ActiveCfg = Release|Any CPU
		{EB65172C-95BA-4D83-AC66-2A11761CE716}.Release|Any CPU.Build.0 = Release|Any CPU
	EndGlobalSection
EndGlobal
