
Microsoft Visual Studio Solution File, Format Version 12.00
# Visual Studio 15
Project("{FAE04EC0-301F-11D3-BF4B-00C04F79EFBC}") = "Palindrome", "Palindrome\Palindrome.csproj", "{94085297-4686-4437-AE27-8CA60FFA94FC}"
EndProject
Global
	GlobalSection(SolutionConfigurationPlatforms) = preSolution
		Debug|Any CPU = Debug|Any CPU
		Release|Any CPU = Release|Any CPU
	EndGlobalSection
	GlobalSection(ProjectConfigurationPlatforms) = postSolution
		{94085297-4686-4437-AE27-8CA60FFA94FC}.Debug|Any CPU.ActiveCfg = Debug|Any CPU
		{94085297-4686-4437-AE27-8CA60FFA94FC}.Debug|Any CPU.Build.0 = Debug|Any CPU
		{94085297-4686-4437-AE27-8CA60FFA94FC}.Release|Any CPU.ActiveCfg = Release|Any CPU
		{94085297-4686-4437-AE27-8CA60FFA94FC}.Release|Any CPU.Build.0 = Release|Any CPU
	EndGlobalSection
EndGlobal
