
Microsoft Visual Studio Solution File, Format Version 12.00
# Visual Studio 15
Project("{FAE04EC0-301F-11D3-BF4B-00C04F79EFBC}") = "PdaItem", "PdaItem\PdaItem.csproj", "{8F911AB5-B48B-4738-A668-9C0C8BB8551C}"
EndProject
Global
	GlobalSection(SolutionConfigurationPlatforms) = preSolution
		Debug|Any CPU = Debug|Any CPU
		Release|Any CPU = Release|Any CPU
	EndGlobalSection
	GlobalSection(ProjectConfigurationPlatforms) = postSolution
		{8F911AB5-B48B-4738-A668-9C0C8BB8551C}.Debug|Any CPU.ActiveCfg = Debug|Any CPU
		{8F911AB5-B48B-4738-A668-9C0C8BB8551C}.Debug|Any CPU.Build.0 = Debug|Any CPU
		{8F911AB5-B48B-4738-A668-9C0C8BB8551C}.Release|Any CPU.ActiveCfg = Release|Any CPU
		{8F911AB5-B48B-4738-A668-9C0C8BB8551C}.Release|Any CPU.Build.0 = Release|Any CPU
	EndGlobalSection
EndGlobal
